
Microsoft Visual Studio Solution File, Format Version 12.00
# Visual Studio Version 17
VisualStudioVersion = 17.14.36518.9 d17.14
MinimumVisualStudioVersion = 10.0.40219.1
Project("{FAE04EC0-301F-11D3-BF4B-00C04F79EFBC}") = "NewDawnPropertiesApi-V1", "NewDawnPropertiesApi-V1.csproj", "{12AAD5BA-9C47-4BAE-B200-878307DDAF03}"
EndProject
Global
	GlobalSection(SolutionConfigurationPlatforms) = preSolution
		Debug|Any CPU = Debug|Any CPU
		Release|Any CPU = Release|Any CPU
	EndGlobalSection
	GlobalSection(ProjectConfigurationPlatforms) = postSolution
		{12AAD5BA-9C47-4BAE-B200-878307DDAF03}.Debug|Any CPU.ActiveCfg = Debug|Any CPU
		{12AAD5BA-9C47-4BAE-B200-878307DDAF03}.Debug|Any CPU.Build.0 = Debug|Any CPU
		{12AAD5BA-9C47-4BAE-B200-878307DDAF03}.Release|Any CPU.ActiveCfg = Release|Any CPU
		{12AAD5BA-9C47-4BAE-B200-878307DDAF03}.Release|Any CPU.Build.0 = Release|Any CPU
	EndGlobalSection
	GlobalSection(SolutionProperties) = preSolution
		HideSolutionNode = FALSE
	EndGlobalSection
	GlobalSection(ExtensibilityGlobals) = postSolution
		SolutionGuid = {91E7D9AF-1695-430D-BA47-C19B46491F82}
	EndGlobalSection
EndGlobal
